// !$*UTF8*$!
{
	archiveVersion = 1;
	classes = {
	};
	objectVersion = 77;
	objects = {

/* Begin PBXContainerItemProxy section */
		CB0525112D5BED5F006F3350 /* PBXContainerItemProxy */ = {
			isa = PBXContainerItemProxy;
			containerPortal = CB0524F82D5BED58006F3350 /* Project object */;
			proxyType = 1;
			remoteGlobalIDString = CB0524FF2D5BED58006F3350;
			remoteInfo = Barnehageplass;
		};
		CB05251B2D5BED5F006F3350 /* PBXContainerItemProxy */ = {
			isa = PBXContainerItemProxy;
			containerPortal = CB0524F82D5BED58006F3350 /* Project object */;
			proxyType = 1;
			remoteGlobalIDString = CB0524FF2D5BED58006F3350;
			remoteInfo = Barnehageplass;
		};
/* End PBXContainerItemProxy section */

/* Begin PBXFileReference section */
		CB0525002D5BED58006F3350 /* Barnehageplass.app */ = {isa = PBXFileReference; explicitFileType = wrapper.application; includeInIndex = 0; path = Barnehageplass.app; sourceTree = BUILT_PRODUCTS_DIR; };
		CB0525102D5BED5F006F3350 /* BarnehageplassTests.xctest */ = {isa = PBXFileReference; explicitFileType = wrapper.cfbundle; includeInIndex = 0; path = BarnehageplassTests.xctest; sourceTree = BUILT_PRODUCTS_DIR; };
		CB05251A2D5BED5F006F3350 /* BarnehageplassUITests.xctest */ = {isa = PBXFileReference; explicitFileType = wrapper.cfbundle; includeInIndex = 0; path = BarnehageplassUITests.xctest; sourceTree = BUILT_PRODUCTS_DIR; };
/* End PBXFileReference section */

/* Begin PBXFileSystemSynchronizedRootGroup section */
		CB0525022D5BED58006F3350 /* Barnehageplass */ = {
			isa = PBXFileSystemSynchronizedRootGroup;
			path = Barnehageplass;
			sourceTree = "<group>";
		};
		CB0525132D5BED5F006F3350 /* BarnehageplassTests */ = {
			isa = PBXFileSystemSynchronizedRootGroup;
			path = BarnehageplassTests;
			sourceTree = "<group>";
		};
		CB05251D2D5BED5F006F3350 /* BarnehageplassUITests */ = {
			isa = PBXFileSystemSynchronizedRootGroup;
			path = BarnehageplassUITests;
			sourceTree = "<group>";
		};
/* End PBXFileSystemSynchronizedRootGroup section */

/* Begin PBXFrameworksBuildPhase section */
		CB0524FD2D5BED58006F3350 /* Frameworks */ = {
			isa = PBXFrameworksBuildPhase;
			buildActionMask = 2147483647;
			files = (
			);
			runOnlyForDeploymentPostprocessing = 0;
		};
		CB05250D2D5BED5F006F3350 /* Frameworks */ = {
			isa = PBXFrameworksBuildPhase;
			buildActionMask = 2147483647;
			files = (
			);
			runOnlyForDeploymentPostprocessing = 0;
		};
		CB0525172D5BED5F006F3350 /* Frameworks */ = {
			isa = PBXFrameworksBuildPhase;
			buildActionMask = 2147483647;
			files = (
			);
			runOnlyForDeploymentPostprocessing = 0;
		};
/* End PBXFrameworksBuildPhase section */

/* Begin PBXGroup section */
		CB0524F72D5BED58006F3350 = {
			isa = PBXGroup;
			children = (
				CB0525022D5BED58006F3350 /* Barnehageplass */,
				CB0525132D5BED5F006F3350 /* BarnehageplassTests */,
				CB05251D2D5BED5F006F3350 /* BarnehageplassUITests */,
				CB0525012D5BED58006F3350 /* Products */,
			);
			sourceTree = "<group>";
		};
		CB0525012D5BED58006F3350 /* Products */ = {
			isa = PBXGroup;
			children = (
				CB0525002D5BED58006F3350 /* Barnehageplass.app */,
				CB0525102D5BED5F006F3350 /* BarnehageplassTests.xctest */,
				CB05251A2D5BED5F006F3350 /* BarnehageplassUITests.xctest */,
			);
			name = Products;
			sourceTree = "<group>";
		};
/* End PBXGroup section */

/* Begin PBXNativeTarget section */
		CB0524FF2D5BED58006F3350 /* Barnehageplass */ = {
			isa = PBXNativeTarget;
			buildConfigurationList = CB0525242D5BED5F006F3350 /* Build configuration list for PBXNativeTarget "Barnehageplass" */;
			buildPhases = (
				CB0524FC2D5BED58006F3350 /* Sources */,
				CB0524FD2D5BED58006F3350 /* Frameworks */,
				CB0524FE2D5BED58006F3350 /* Resources */,
			);
			buildRules = (
			);
			dependencies = (
			);
			fileSystemSynchronizedGroups = (
				CB0525022D5BED58006F3350 /* Barnehageplass */,
			);
			name = Barnehageplass;
			packageProductDependencies = (
			);
			productName = Barnehageplass;
			productReference = CB0525002D5BED58006F3350 /* Barnehageplass.app */;
			productType = "com.apple.product-type.application";
		};
		CB05250F2D5BED5F006F3350 /* BarnehageplassTests */ = {
			isa = PBXNativeTarget;
			buildConfigurationList = CB0525272D5BED5F006F3350 /* Build configuration list for PBXNativeTarget "BarnehageplassTests" */;
			buildPhases = (
				CB05250C2D5BED5F006F3350 /* Sources */,
				CB05250D2D5BED5F006F3350 /* Frameworks */,
				CB05250E2D5BED5F006F3350 /* Resources */,
			);
			buildRules = (
			);
			dependencies = (
				CB0525122D5BED5F006F3350 /* PBXTargetDependency */,
			);
			fileSystemSynchronizedGroups = (
				CB0525132D5BED5F006F3350 /* BarnehageplassTests */,
			);
			name = BarnehageplassTests;
			packageProductDependencies = (
			);
			productName = BarnehageplassTests;
			productReference = CB0525102D5BED5F006F3350 /* BarnehageplassTests.xctest */;
			productType = "com.apple.product-type.bundle.unit-test";
		};
		CB0525192D5BED5F006F3350 /* BarnehageplassUITests */ = {
			isa = PBXNativeTarget;
			buildConfigurationList = CB05252A2D5BED5F006F3350 /* Build configuration list for PBXNativeTarget "BarnehageplassUITests" */;
			buildPhases = (
				CB0525162D5BED5F006F3350 /* Sources */,
				CB0525172D5BED5F006F3350 /* Frameworks */,
				CB0525182D5BED5F006F3350 /* Resources */,
			);
			buildRules = (
			);
			dependencies = (
				CB05251C2D5BED5F006F3350 /* PBXTargetDependency */,
			);
			fileSystemSynchronizedGroups = (
				CB05251D2D5BED5F006F3350 /* BarnehageplassUITests */,
			);
			name = BarnehageplassUITests;
			packageProductDependencies = (
			);
			productName = BarnehageplassUITests;
			productReference = CB05251A2D5BED5F006F3350 /* BarnehageplassUITests.xctest */;
			productType = "com.apple.product-type.bundle.ui-testing";
		};
/* End PBXNativeTarget section */

/* Begin PBXProject section */
		CB0524F82D5BED58006F3350 /* Project object */ = {
			isa = PBXProject;
			attributes = {
				BuildIndependentTargetsInParallel = 1;
				LastSwiftUpdateCheck = 1620;
				LastUpgradeCheck = 1620;
				TargetAttributes = {
					CB0524FF2D5BED58006F3350 = {
						CreatedOnToolsVersion = 16.2;
					};
					CB05250F2D5BED5F006F3350 = {
						CreatedOnToolsVersion = 16.2;
						TestTargetID = CB0524FF2D5BED58006F3350;
					};
					CB0525192D5BED5F006F3350 = {
						CreatedOnToolsVersion = 16.2;
						TestTargetID = CB0524FF2D5BED58006F3350;
					};
				};
			};
			buildConfigurationList = CB0524FB2D5BED58006F3350 /* Build configuration list for PBXProject "Barnehageplass" */;
			developmentRegion = en;
			hasScannedForEncodings = 0;
			knownRegions = (
				en,
				Base,
			);
			mainGroup = CB0524F72D5BED58006F3350;
			minimizedProjectReferenceProxies = 1;
			preferredProjectObjectVersion = 77;
			productRefGroup = CB0525012D5BED58006F3350 /* Products */;
			projectDirPath = "";
			projectRoot = "";
			targets = (
				CB0524FF2D5BED58006F3350 /* Barnehageplass */,
				CB05250F2D5BED5F006F3350 /* BarnehageplassTests */,
				CB0525192D5BED5F006F3350 /* BarnehageplassUITests */,
			);
		};
/* End PBXProject section */

/* Begin PBXResourcesBuildPhase section */
		CB0524FE2D5BED58006F3350 /* Resources */ = {
			isa = PBXResourcesBuildPhase;
			buildActionMask = 2147483647;
			files = (
			);
			runOnlyForDeploymentPostprocessing = 0;
		};
		CB05250E2D5BED5F006F3350 /* Resources */ = {
			isa = PBXResourcesBuildPhase;
			buildActionMask = 2147483647;
			files = (
			);
			runOnlyForDeploymentPostprocessing = 0;
		};
		CB0525182D5BED5F006F3350 /* Resources */ = {
			isa = PBXResourcesBuildPhase;
			buildActionMask = 2147483647;
			files = (
			);
			runOnlyForDeploymentPostprocessing = 0;
		};
/* End PBXResourcesBuildPhase section */

/* Begin PBXSourcesBuildPhase section */
		CB0524FC2D5BED58006F3350 /* Sources */ = {
			isa = PBXSourcesBuildPhase;
			buildActionMask = 2147483647;
			files = (
			);
			runOnlyForDeploymentPostprocessing = 0;
		};
		CB05250C2D5BED5F006F3350 /* Sources */ = {
			isa = PBXSourcesBuildPhase;
			buildActionMask = 2147483647;
			files = (
			);
			runOnlyForDeploymentPostprocessing = 0;
		};
		CB0525162D5BED5F006F3350 /* Sources */ = {
			isa = PBXSourcesBuildPhase;
			buildActionMask = 2147483647;
			files = (
			);
			runOnlyForDeploymentPostprocessing = 0;
		};
/* End PBXSourcesBuildPhase section */

/* Begin PBXTargetDependency section */
		CB0525122D5BED5F006F3350 /* PBXTargetDependency */ = {
			isa = PBXTargetDependency;
			target = CB0524FF2D5BED58006F3350 /* Barnehageplass */;
			targetProxy = CB0525112D5BED5F006F3350 /* PBXContainerItemProxy */;
		};
		CB05251C2D5BED5F006F3350 /* PBXTargetDependency */ = {
			isa = PBXTargetDependency;
			target = CB0524FF2D5BED58006F3350 /* Barnehageplass */;
			targetProxy = CB05251B2D5BED5F006F3350 /* PBXContainerItemProxy */;
		};
/* End PBXTargetDependency section */

/* Begin XCBuildConfiguration section */
		CB0525222D5BED5F006F3350 /* Debug */ = {
			isa = XCBuildConfiguration;
			buildSettings = {
				ALWAYS_SEARCH_USER_PATHS = NO;
				ASSETCATALOG_COMPILER_GENERATE_SWIFT_ASSET_SYMBOL_EXTENSIONS = YES;
				CLANG_ANALYZER_NONNULL = YES;
				CLANG_ANALYZER_NUMBER_OBJECT_CONVERSION = YES_AGGRESSIVE;
				CLANG_CXX_LANGUAGE_STANDARD = "gnu++20";
				CLANG_ENABLE_MODULES = YES;
				CLANG_ENABLE_OBJC_ARC = YES;
				CLANG_ENABLE_OBJC_WEAK = YES;
				CLANG_WARN_BLOCK_CAPTURE_AUTORELEASING = YES;
				CLANG_WARN_BOOL_CONVERSION = YES;
				CLANG_WARN_COMMA = YES;
				CLANG_WARN_CONSTANT_CONVERSION = YES;
				CLANG_WARN_DEPRECATED_OBJC_IMPLEMENTATIONS = YES;
				CLANG_WARN_DIRECT_OBJC_ISA_USAGE = YES_ERROR;
				CLANG_WARN_DOCUMENTATION_COMMENTS = YES;
				CLANG_WARN_EMPTY_BODY = YES;
				CLANG_WARN_ENUM_CONVERSION = YES;
				CLANG_WARN_INFINITE_RECURSION = YES;
				CLANG_WARN_INT_CONVERSION = YES;
				CLANG_WARN_NON_LITERAL_NULL_CONVERSION = YES;
				CLANG_WARN_OBJC_IMPLICIT_RETAIN_SELF = YES;
				CLANG_WARN_OBJC_LITERAL_CONVERSION = YES;
				CLANG_WARN_OBJC_ROOT_CLASS = YES_ERROR;
				CLANG_WARN_QUOTED_INCLUDE_IN_FRAMEWORK_HEADER = YES;
				CLANG_WARN_RANGE_LOOP_ANALYSIS = YES;
				CLANG_WARN_STRICT_PROTOTYPES = YES;
				CLANG_WARN_SUSPICIOUS_MOVE = YES;
				CLANG_WARN_UNGUARDED_AVAILABILITY = YES_AGGRESSIVE;
				CLANG_WARN_UNREACHABLE_CODE = YES;
				CLANG_WARN__DUPLICATE_METHOD_MATCH = YES;
				COPY_PHASE_STRIP = NO;
				DEBUG_INFORMATION_FORMAT = dwarf;
				ENABLE_STRICT_OBJC_MSGSEND = YES;
				ENABLE_TESTABILITY = YES;
				ENABLE_USER_SCRIPT_SANDBOXING = YES;
				GCC_C_LANGUAGE_STANDARD = gnu17;
				GCC_DYNAMIC_NO_PIC = NO;
				GCC_NO_COMMON_BLOCKS = YES;
				GCC_OPTIMIZATION_LEVEL = 0;
				GCC_PREPROCESSOR_DEFINITIONS = (
					"DEBUG=1",
					"$(inherited)",
				);
				GCC_WARN_64_TO_32_BIT_CONVERSION = YES;
				GCC_WARN_ABOUT_RETURN_TYPE = YES_ERROR;
				GCC_WARN_UNDECLARED_SELECTOR = YES;
				GCC_WARN_UNINITIALIZED_AUTOS = YES_AGGRESSIVE;
				GCC_WARN_UNUSED_FUNCTION = YES;
				GCC_WARN_UNUSED_VARIABLE = YES;
				IPHONEOS_DEPLOYMENT_TARGET = 18.2;
				LOCALIZATION_PREFERS_STRING_CATALOGS = YES;
				MTL_ENABLE_DEBUG_INFO = INCLUDE_SOURCE;
				MTL_FAST_MATH = YES;
				ONLY_ACTIVE_ARCH = YES;
				SDKROOT = iphoneos;
				SWIFT_ACTIVE_COMPILATION_CONDITIONS = "DEBUG $(inherited)";
				SWIFT_OPTIMIZATION_LEVEL = "-Onone";
			};
			name = Debug;
		};
		CB0525232D5BED5F006F3350 /* Release */ = {
			isa = XCBuildConfiguration;
			buildSettings = {
				ALWAYS_SEARCH_USER_PATHS = NO;
				ASSETCATALOG_COMPILER_GENERATE_SWIFT_ASSET_SYMBOL_EXTENSIONS = YES;
				CLANG_ANALYZER_NONNULL = YES;
				CLANG_ANALYZER_NUMBER_OBJECT_CONVERSION = YES_AGGRESSIVE;
				CLANG_CXX_LANGUAGE_STANDARD = "gnu++20";
				CLANG_ENABLE_MODULES = YES;
				CLANG_ENABLE_OBJC_ARC = YES;
				CLANG_ENABLE_OBJC_WEAK = YES;
				CLANG_WARN_BLOCK_CAPTURE_AUTORELEASING = YES;
				CLANG_WARN_BOOL_CONVERSION = YES;
				CLANG_WARN_COMMA = YES;
				CLANG_WARN_CONSTANT_CONVERSION = YES;
				CLANG_WARN_DEPRECATED_OBJC_IMPLEMENTATIONS = YES;
				CLANG_WARN_DIRECT_OBJC_ISA_USAGE = YES_ERROR;
				CLANG_WARN_DOCUMENTATION_COMMENTS = YES;
				CLANG_WARN_EMPTY_BODY = YES;
				CLANG_WARN_ENUM_CONVERSION = YES;
				CLANG_WARN_INFINITE_RECURSION = YES;
				CLANG_WARN_INT_CONVERSION = YES;
				CLANG_WARN_NON_LITERAL_NULL_CONVERSION = YES;
				CLANG_WARN_OBJC_IMPLICIT_RETAIN_SELF = YES;
				CLANG_WARN_OBJC_LITERAL_CONVERSION = YES;
				CLANG_WARN_OBJC_ROOT_CLASS = YES_ERROR;
				CLANG_WARN_QUOTED_INCLUDE_IN_FRAMEWORK_HEADER = YES;
				CLANG_WARN_RANGE_LOOP_ANALYSIS = YES;
				CLANG_WARN_STRICT_PROTOTYPES = YES;
				CLANG_WARN_SUSPICIOUS_MOVE = YES;
				CLANG_WARN_UNGUARDED_AVAILABILITY = YES_AGGRESSIVE;
				CLANG_WARN_UNREACHABLE_CODE = YES;
				CLANG_WARN__DUPLICATE_METHOD_MATCH = YES;
				COPY_PHASE_STRIP = NO;
				DEBUG_INFORMATION_FORMAT = "dwarf-with-dsym";
				ENABLE_NS_ASSERTIONS = NO;
				ENABLE_STRICT_OBJC_MSGSEND = YES;
				ENABLE_USER_SCRIPT_SANDBOXING = YES;
				GCC_C_LANGUAGE_STANDARD = gnu17;
				GCC_NO_COMMON_BLOCKS = YES;
				GCC_WARN_64_TO_32_BIT_CONVERSION = YES;
				GCC_WARN_ABOUT_RETURN_TYPE = YES_ERROR;
				GCC_WARN_UNDECLARED_SELECTOR = YES;
				GCC_WARN_UNINITIALIZED_AUTOS = YES_AGGRESSIVE;
				GCC_WARN_UNUSED_FUNCTION = YES;
				GCC_WARN_UNUSED_VARIABLE = YES;
				IPHONEOS_DEPLOYMENT_TARGET = 18.2;
				LOCALIZATION_PREFERS_STRING_CATALOGS = YES;
				MTL_ENABLE_DEBUG_INFO = NO;
				MTL_FAST_MATH = YES;
				SDKROOT = iphoneos;
				SWIFT_COMPILATION_MODE = wholemodule;
				VALIDATE_PRODUCT = YES;
			};
			name = Release;
		};
		CB0525252D5BED5F006F3350 /* Debug */ = {
			isa = XCBuildConfiguration;
			buildSettings = {
				ASSETCATALOG_COMPILER_APPICON_NAME = AppIcon;
				ASSETCATALOG_COMPILER_GLOBAL_ACCENT_COLOR_NAME = AccentColor;
				CODE_SIGN_STYLE = Automatic;
				CURRENT_PROJECT_VERSION = 1;
				DEVELOPMENT_ASSET_PATHS = "\"Barnehageplass/Preview Content\"";
				DEVELOPMENT_TEAM = CGNM7A5MSG;
				ENABLE_PREVIEWS = YES;
				GENERATE_INFOPLIST_FILE = YES;
				INFOPLIST_KEY_UIApplicationSceneManifest_Generation = YES;
				INFOPLIST_KEY_UIApplicationSupportsIndirectInputEvents = YES;
				INFOPLIST_KEY_UILaunchScreen_Generation = YES;
				INFOPLIST_KEY_UISupportedInterfaceOrientations_iPad = "UIInterfaceOrientationPortrait UIInterfaceOrientationPortraitUpsideDown UIInterfaceOrientationLandscapeLeft UIInterfaceOrientationLandscapeRight";
				INFOPLIST_KEY_UISupportedInterfaceOrientations_iPhone = "UIInterfaceOrientationPortrait UIInterfaceOrientationLandscapeLeft UIInterfaceOrientationLandscapeRight";
				LD_RUNPATH_SEARCH_PATHS = (
					"$(inherited)",
					"@executable_path/Frameworks",
				);
				MARKETING_VERSION = 1.0;
				PRODUCT_BUNDLE_IDENTIFIER = net.dragsnes.Barnehageplass;
				PRODUCT_NAME = "$(TARGET_NAME)";
				SWIFT_EMIT_LOC_STRINGS = YES;
				SWIFT_VERSION = 5.0;
				TARGETED_DEVICE_FAMILY = "1,2";
			};
			name = Debug;
		};
		CB0525262D5BED5F006F3350 /* Release */ = {
			isa = XCBuildConfiguration;
			buildSettings = {
				ASSETCATALOG_COMPILER_APPICON_NAME = AppIcon;
				ASSETCATALOG_COMPILER_GLOBAL_ACCENT_COLOR_NAME = AccentColor;
				CODE_SIGN_STYLE = Automatic;
				CURRENT_PROJECT_VERSION = 1;
				DEVELOPMENT_ASSET_PATHS = "\"Barnehageplass/Preview Content\"";
				DEVELOPMENT_TEAM = CGNM7A5MSG;
				ENABLE_PREVIEWS = YES;
				GENERATE_INFOPLIST_FILE = YES;
				INFOPLIST_KEY_UIApplicationSceneManifest_Generation = YES;
				INFOPLIST_KEY_UIApplicationSupportsIndirectInputEvents = YES;
				INFOPLIST_KEY_UILaunchScreen_Generation = YES;
				INFOPLIST_KEY_UISupportedInterfaceOrientations_iPad = "UIInterfaceOrientationPortrait UIInterfaceOrientationPortraitUpsideDown UIInterfaceOrientationLandscapeLeft UIInterfaceOrientationLandscapeRight";
				INFOPLIST_KEY_UISupportedInterfaceOrientations_iPhone = "UIInterfaceOrientationPortrait UIInterfaceOrientationLandscapeLeft UIInterfaceOrientationLandscapeRight";
				LD_RUNPATH_SEARCH_PATHS = (
					"$(inherited)",
					"@executable_path/Frameworks",
				);
				MARKETING_VERSION = 1.0;
				PRODUCT_BUNDLE_IDENTIFIER = net.dragsnes.Barnehageplass;
				PRODUCT_NAME = "$(TARGET_NAME)";
				SWIFT_EMIT_LOC_STRINGS = YES;
				SWIFT_VERSION = 5.0;
				TARGETED_DEVICE_FAMILY = "1,2";
			};
			name = Release;
		};
		CB0525282D5BED5F006F3350 /* Debug */ = {
			isa = XCBuildConfiguration;
			buildSettings = {
				BUNDLE_LOADER = "$(TEST_HOST)";
				CODE_SIGN_STYLE = Automatic;
				CURRENT_PROJECT_VERSION = 1;
				DEVELOPMENT_TEAM = CGNM7A5MSG;
				GENERATE_INFOPLIST_FILE = YES;
				IPHONEOS_DEPLOYMENT_TARGET = 18.2;
				MARKETING_VERSION = 1.0;
				PRODUCT_BUNDLE_IDENTIFIER = net.dragsnes.BarnehageplassTests;
				PRODUCT_NAME = "$(TARGET_NAME)";
				SWIFT_EMIT_LOC_STRINGS = NO;
				SWIFT_VERSION = 5.0;
				TARGETED_DEVICE_FAMILY = "1,2";
				TEST_HOST = "$(BUILT_PRODUCTS_DIR)/Barnehageplass.app/$(BUNDLE_EXECUTABLE_FOLDER_PATH)/Barnehageplass";
			};
			name = Debug;
		};
		CB0525292D5BED5F006F3350 /* Release */ = {
			isa = XCBuildConfiguration;
			buildSettings = {
				BUNDLE_LOADER = "$(TEST_HOST)";
				CODE_SIGN_STYLE = Automatic;
				CURRENT_PROJECT_VERSION = 1;
				DEVELOPMENT_TEAM = CGNM7A5MSG;
				GENERATE_INFOPLIST_FILE = YES;
				IPHONEOS_DEPLOYMENT_TARGET = 18.2;
				MARKETING_VERSION = 1.0;
				PRODUCT_BUNDLE_IDENTIFIER = net.dragsnes.BarnehageplassTests;
				PRODUCT_NAME = "$(TARGET_NAME)";
				SWIFT_EMIT_LOC_STRINGS = NO;
				SWIFT_VERSION = 5.0;
				TARGETED_DEVICE_FAMILY = "1,2";
				TEST_HOST = "$(BUILT_PRODUCTS_DIR)/Barnehageplass.app/$(BUNDLE_EXECUTABLE_FOLDER_PATH)/Barnehageplass";
			};
			name = Release;
		};
		CB05252B2D5BED5F006F3350 /* Debug */ = {
			isa = XCBuildConfiguration;
			buildSettings = {
				CODE_SIGN_STYLE = Automatic;
				CURRENT_PROJECT_VERSION = 1;
				DEVELOPMENT_TEAM = CGNM7A5MSG;
				GENERATE_INFOPLIST_FILE = YES;
				MARKETING_VERSION = 1.0;
				PRODUCT_BUNDLE_IDENTIFIER = net.dragsnes.BarnehageplassUITests;
				PRODUCT_NAME = "$(TARGET_NAME)";
				SWIFT_EMIT_LOC_STRINGS = NO;
				SWIFT_VERSION = 5.0;
				TARGETED_DEVICE_FAMILY = "1,2";
				TEST_TARGET_NAME = Barnehageplass;
			};
			name = Debug;
		};
		CB05252C2D5BED5F006F3350 /* Release */ = {
			isa = XCBuildConfiguration;
			buildSettings = {
				CODE_SIGN_STYLE = Automatic;
				CURRENT_PROJECT_VERSION = 1;
				DEVELOPMENT_TEAM = CGNM7A5MSG;
				GENERATE_INFOPLIST_FILE = YES;
				MARKETING_VERSION = 1.0;
				PRODUCT_BUNDLE_IDENTIFIER = net.dragsnes.BarnehageplassUITests;
				PRODUCT_NAME = "$(TARGET_NAME)";
				SWIFT_EMIT_LOC_STRINGS = NO;
				SWIFT_VERSION = 5.0;
				TARGETED_DEVICE_FAMILY = "1,2";
				TEST_TARGET_NAME = Barnehageplass;
			};
			name = Release;
		};
/* End XCBuildConfiguration section */

/* Begin XCConfigurationList section */
		CB0524FB2D5BED58006F3350 /* Build configuration list for PBXProject "Barnehageplass" */ = {
			isa = XCConfigurationList;
			buildConfigurations = (
				CB0525222D5BED5F006F3350 /* Debug */,
				CB0525232D5BED5F006F3350 /* Release */,
			);
			defaultConfigurationIsVisible = 0;
			defaultConfigurationName = Release;
		};
		CB0525242D5BED5F006F3350 /* Build configuration list for PBXNativeTarget "Barnehageplass" */ = {
			isa = XCConfigurationList;
			buildConfigurations = (
				CB0525252D5BED5F006F3350 /* Debug */,
				CB0525262D5BED5F006F3350 /* Release */,
			);
			defaultConfigurationIsVisible = 0;
			defaultConfigurationName = Release;
		};
		CB0525272D5BED5F006F3350 /* Build configuration list for PBXNativeTarget "BarnehageplassTests" */ = {
			isa = XCConfigurationList;
			buildConfigurations = (
				CB0525282D5BED5F006F3350 /* Debug */,
				CB0525292D5BED5F006F3350 /* Release */,
			);
			defaultConfigurationIsVisible = 0;
			defaultConfigurationName = Release;
		};
		CB05252A2D5BED5F006F3350 /* Build configuration list for PBXNativeTarget "BarnehageplassUITests" */ = {
			isa = XCConfigurationList;
			buildConfigurations = (
				CB05252B2D5BED5F006F3350 /* Debug */,
				CB05252C2D5BED5F006F3350 /* Release */,
			);
			defaultConfigurationIsVisible = 0;
			defaultConfigurationName = Release;
		};
/* End XCConfigurationList section */
	};
	rootObject = CB0524F82D5BED58006F3350 /* Project object */;
}
